// !$*UTF8*$!
{
	archiveVersion = 1;
	classes = {
	};
	objectVersion = 50;
	objects = {

/* Begin PBXBuildFile section */
		DD56ABDA21BCE80900D8DE49 /* MemeTableViewCell.swift in Sources */ = {isa = PBXBuildFile; fileRef = DD56ABD921BCE80900D8DE49 /* MemeTableViewCell.swift */; };
		DD56ABDC21BD060400D8DE49 /* MemeDetailViewController.swift in Sources */ = {isa = PBXBuildFile; fileRef = DD56ABDB21BD060400D8DE49 /* MemeDetailViewController.swift */; };
		DD5FFCEE2172BB35002F312E /* AppDelegate.swift in Sources */ = {isa = PBXBuildFile; fileRef = DD5FFCED2172BB35002F312E /* AppDelegate.swift */; };
		DD5FFCF02172BB35002F312E /* CreateMemeViewController.swift in Sources */ = {isa = PBXBuildFile; fileRef = DD5FFCEF2172BB35002F312E /* CreateMemeViewController.swift */; };
		DD5FFCF32172BB35002F312E /* Main.storyboard in Resources */ = {isa = PBXBuildFile; fileRef = DD5FFCF12172BB35002F312E /* Main.storyboard */; };
		DD5FFCF52172BB37002F312E /* Assets.xcassets in Resources */ = {isa = PBXBuildFile; fileRef = DD5FFCF42172BB37002F312E /* Assets.xcassets */; };
		DD5FFCF82172BB37002F312E /* LaunchScreen.storyboard in Resources */ = {isa = PBXBuildFile; fileRef = DD5FFCF62172BB37002F312E /* LaunchScreen.storyboard */; };
		DD5FFD032172BB37002F312E /* MemeMeTests.swift in Sources */ = {isa = PBXBuildFile; fileRef = DD5FFD022172BB37002F312E /* MemeMeTests.swift */; };
		DD5FFD0E2172BB37002F312E /* MemeMeUITests.swift in Sources */ = {isa = PBXBuildFile; fileRef = DD5FFD0D2172BB37002F312E /* MemeMeUITests.swift */; };
		DDB35FD321B5670700AECCDA /* MemeCollectionViewCell.swift in Sources */ = {isa = PBXBuildFile; fileRef = DDB35FD221B5670700AECCDA /* MemeCollectionViewCell.swift */; };
		DDB35FD521B56BE600AECCDA /* MemeCollectionViewController.swift in Sources */ = {isa = PBXBuildFile; fileRef = DDB35FD421B56BE600AECCDA /* MemeCollectionViewController.swift */; };
		DDB8FEF721B41EE400EA50B2 /* MemeTableViewController.swift in Sources */ = {isa = PBXBuildFile; fileRef = DDB8FEF621B41EE400EA50B2 /* MemeTableViewController.swift */; };
		DDF1804B2199459F00A32898 /* Meme.swift in Sources */ = {isa = PBXBuildFile; fileRef = DDF1804A2199459F00A32898 /* Meme.swift */; };
/* End PBXBuildFile section */

/* Begin PBXContainerItemProxy section */
		DD5FFCFF2172BB37002F312E /* PBXContainerItemProxy */ = {
			isa = PBXContainerItemProxy;
			containerPortal = DD5FFCE22172BB35002F312E /* Project object */;
			proxyType = 1;
			remoteGlobalIDString = DD5FFCE92172BB35002F312E;
			remoteInfo = MemeMe;
		};
		DD5FFD0A2172BB37002F312E /* PBXContainerItemProxy */ = {
			isa = PBXContainerItemProxy;
			containerPortal = DD5FFCE22172BB35002F312E /* Project object */;
			proxyType = 1;
			remoteGlobalIDString = DD5FFCE92172BB35002F312E;
			remoteInfo = MemeMe;
		};
/* End PBXContainerItemProxy section */

/* Begin PBXFileReference section */
		DD56ABD921BCE80900D8DE49 /* MemeTableViewCell.swift */ = {isa = PBXFileReference; lastKnownFileType = sourcecode.swift; path = MemeTableViewCell.swift; sourceTree = "<group>"; };
		DD56ABDB21BD060400D8DE49 /* MemeDetailViewController.swift */ = {isa = PBXFileReference; lastKnownFileType = sourcecode.swift; path = MemeDetailViewController.swift; sourceTree = "<group>"; };
		DD5FFCEA2172BB35002F312E /* MemeMe.app */ = {isa = PBXFileReference; explicitFileType = wrapper.application; includeInIndex = 0; path = MemeMe.app; sourceTree = BUILT_PRODUCTS_DIR; };
		DD5FFCED2172BB35002F312E /* AppDelegate.swift */ = {isa = PBXFileReference; lastKnownFileType = sourcecode.swift; path = AppDelegate.swift; sourceTree = "<group>"; };
		DD5FFCEF2172BB35002F312E /* CreateMemeViewController.swift */ = {isa = PBXFileReference; lastKnownFileType = sourcecode.swift; path = CreateMemeViewController.swift; sourceTree = "<group>"; };
		DD5FFCF22172BB35002F312E /* Base */ = {isa = PBXFileReference; lastKnownFileType = file.storyboard; name = Base; path = Base.lproj/Main.storyboard; sourceTree = "<group>"; };
		DD5FFCF42172BB37002F312E /* Assets.xcassets */ = {isa = PBXFileReference; lastKnownFileType = folder.assetcatalog; path = Assets.xcassets; sourceTree = "<group>"; };
		DD5FFCF72172BB37002F312E /* Base */ = {isa = PBXFileReference; lastKnownFileType = file.storyboard; name = Base; path = Base.lproj/LaunchScreen.storyboard; sourceTree = "<group>"; };
		DD5FFCF92172BB37002F312E /* Info.plist */ = {isa = PBXFileReference; lastKnownFileType = text.plist.xml; path = Info.plist; sourceTree = "<group>"; };
		DD5FFCFE2172BB37002F312E /* MemeMeTests.xctest */ = {isa = PBXFileReference; explicitFileType = wrapper.cfbundle; includeInIndex = 0; path = MemeMeTests.xctest; sourceTree = BUILT_PRODUCTS_DIR; };
		DD5FFD022172BB37002F312E /* MemeMeTests.swift */ = {isa = PBXFileReference; lastKnownFileType = sourcecode.swift; path = MemeMeTests.swift; sourceTree = "<group>"; };
		DD5FFD042172BB37002F312E /* Info.plist */ = {isa = PBXFileReference; lastKnownFileType = text.plist.xml; path = Info.plist; sourceTree = "<group>"; };
		DD5FFD092172BB37002F312E /* MemeMeUITests.xctest */ = {isa = PBXFileReference; explicitFileType = wrapper.cfbundle; includeInIndex = 0; path = MemeMeUITests.xctest; sourceTree = BUILT_PRODUCTS_DIR; };
		DD5FFD0D2172BB37002F312E /* MemeMeUITests.swift */ = {isa = PBXFileReference; lastKnownFileType = sourcecode.swift; path = MemeMeUITests.swift; sourceTree = "<group>"; };
		DD5FFD0F2172BB37002F312E /* Info.plist */ = {isa = PBXFileReference; lastKnownFileType = text.plist.xml; path = Info.plist; sourceTree = "<group>"; };
		DDB35FD221B5670700AECCDA /* MemeCollectionViewCell.swift */ = {isa = PBXFileReference; lastKnownFileType = sourcecode.swift; path = MemeCollectionViewCell.swift; sourceTree = "<group>"; };
		DDB35FD421B56BE600AECCDA /* MemeCollectionViewController.swift */ = {isa = PBXFileReference; lastKnownFileType = sourcecode.swift; path = MemeCollectionViewController.swift; sourceTree = "<group>"; };
		DDB8FEF621B41EE400EA50B2 /* MemeTableViewController.swift */ = {isa = PBXFileReference; lastKnownFileType = sourcecode.swift; path = MemeTableViewController.swift; sourceTree = "<group>"; };
		DDF1804A2199459F00A32898 /* Meme.swift */ = {isa = PBXFileReference; lastKnownFileType = sourcecode.swift; path = Meme.swift; sourceTree = "<group>"; };
/* End PBXFileReference section */

/* Begin PBXFrameworksBuildPhase section */
		DD5FFCE72172BB35002F312E /* Frameworks */ = {
			isa = PBXFrameworksBuildPhase;
			buildActionMask = 2147483647;
			files = (
			);
			runOnlyForDeploymentPostprocessing = 0;
		};
		DD5FFCFB2172BB37002F312E /* Frameworks */ = {
			isa = PBXFrameworksBuildPhase;
			buildActionMask = 2147483647;
			files = (
			);
			runOnlyForDeploymentPostprocessing = 0;
		};
		DD5FFD062172BB37002F312E /* Frameworks */ = {
			isa = PBXFrameworksBuildPhase;
			buildActionMask = 2147483647;
			files = (
			);
			runOnlyForDeploymentPostprocessing = 0;
		};
/* End PBXFrameworksBuildPhase section */

/* Begin PBXGroup section */
		DD5FFCE12172BB35002F312E = {
			isa = PBXGroup;
			children = (
				DD5FFCEC2172BB35002F312E /* MemeMe */,
				DD5FFD012172BB37002F312E /* MemeMeTests */,
				DD5FFD0C2172BB37002F312E /* MemeMeUITests */,
				DD5FFCEB2172BB35002F312E /* Products */,
			);
			sourceTree = "<group>";
		};
		DD5FFCEB2172BB35002F312E /* Products */ = {
			isa = PBXGroup;
			children = (
				DD5FFCEA2172BB35002F312E /* MemeMe.app */,
				DD5FFCFE2172BB37002F312E /* MemeMeTests.xctest */,
				DD5FFD092172BB37002F312E /* MemeMeUITests.xctest */,
			);
			name = Products;
			sourceTree = "<group>";
		};
		DD5FFCEC2172BB35002F312E /* MemeMe */ = {
			isa = PBXGroup;
			children = (
				DDF180492199458F00A32898 /* Model */,
				DD5FFCED2172BB35002F312E /* AppDelegate.swift */,
				DD5FFCEF2172BB35002F312E /* CreateMemeViewController.swift */,
				DD5FFCF12172BB35002F312E /* Main.storyboard */,
				DD5FFCF42172BB37002F312E /* Assets.xcassets */,
				DD5FFCF62172BB37002F312E /* LaunchScreen.storyboard */,
				DD5FFCF92172BB37002F312E /* Info.plist */,
				DDB8FEF621B41EE400EA50B2 /* MemeTableViewController.swift */,
				DDB35FD221B5670700AECCDA /* MemeCollectionViewCell.swift */,
				DDB35FD421B56BE600AECCDA /* MemeCollectionViewController.swift */,
				DD56ABD921BCE80900D8DE49 /* MemeTableViewCell.swift */,
				DD56ABDB21BD060400D8DE49 /* MemeDetailViewController.swift */,
			);
			path = MemeMe;
			sourceTree = "<group>";
		};
		DD5FFD012172BB37002F312E /* MemeMeTests */ = {
			isa = PBXGroup;
			children = (
				DD5FFD022172BB37002F312E /* MemeMeTests.swift */,
				DD5FFD042172BB37002F312E /* Info.plist */,
			);
			path = MemeMeTests;
			sourceTree = "<group>";
		};
		DD5FFD0C2172BB37002F312E /* MemeMeUITests */ = {
			isa = PBXGroup;
			children = (
				DD5FFD0D2172BB37002F312E /* MemeMeUITests.swift */,
				DD5FFD0F2172BB37002F312E /* Info.plist */,
			);
			path = MemeMeUITests;
			sourceTree = "<group>";
		};
		DDF180492199458F00A32898 /* Model */ = {
			isa = PBXGroup;
			children = (
				DDF1804A2199459F00A32898 /* Meme.swift */,
			);
			path = Model;
			sourceTree = "<group>";
		};
/* End PBXGroup section */

/* Begin PBXNativeTarget section */
		DD5FFCE92172BB35002F312E /* MemeMe */ = {
			isa = PBXNativeTarget;
			buildConfigurationList = DD5FFD122172BB37002F312E /* Build configuration list for PBXNativeTarget "MemeMe" */;
			buildPhases = (
				DD5FFCE62172BB35002F312E /* Sources */,
				DD5FFCE72172BB35002F312E /* Frameworks */,
				DD5FFCE82172BB35002F312E /* Resources */,
			);
			buildRules = (
			);
			dependencies = (
			);
			name = MemeMe;
			productName = MemeMe;
			productReference = DD5FFCEA2172BB35002F312E /* MemeMe.app */;
			productType = "com.apple.product-type.application";
		};
		DD5FFCFD2172BB37002F312E /* MemeMeTests */ = {
			isa = PBXNativeTarget;
			buildConfigurationList = DD5FFD152172BB37002F312E /* Build configuration list for PBXNativeTarget "MemeMeTests" */;
			buildPhases = (
				DD5FFCFA2172BB37002F312E /* Sources */,
				DD5FFCFB2172BB37002F312E /* Frameworks */,
				DD5FFCFC2172BB37002F312E /* Resources */,
			);
			buildRules = (
			);
			dependencies = (
				DD5FFD002172BB37002F312E /* PBXTargetDependency */,
			);
			name = MemeMeTests;
			productName = MemeMeTests;
			productReference = DD5FFCFE2172BB37002F312E /* MemeMeTests.xctest */;
			productType = "com.apple.product-type.bundle.unit-test";
		};
		DD5FFD082172BB37002F312E /* MemeMeUITests */ = {
			isa = PBXNativeTarget;
			buildConfigurationList = DD5FFD182172BB37002F312E /* Build configuration list for PBXNativeTarget "MemeMeUITests" */;
			buildPhases = (
				DD5FFD052172BB37002F312E /* Sources */,
				DD5FFD062172BB37002F312E /* Frameworks */,
				DD5FFD072172BB37002F312E /* Resources */,
			);
			buildRules = (
			);
			dependencies = (
				DD5FFD0B2172BB37002F312E /* PBXTargetDependency */,
			);
			name = MemeMeUITests;
			productName = MemeMeUITests;
			productReference = DD5FFD092172BB37002F312E /* MemeMeUITests.xctest */;
			productType = "com.apple.product-type.bundle.ui-testing";
		};
/* End PBXNativeTarget section */

/* Begin PBXProject section */
		DD5FFCE22172BB35002F312E /* Project object */ = {
			isa = PBXProject;
			attributes = {
				LastSwiftUpdateCheck = 0930;
				LastUpgradeCheck = 0930;
				ORGANIZATIONNAME = ORIONOSCODE;
				TargetAttributes = {
					DD5FFCE92172BB35002F312E = {
						CreatedOnToolsVersion = 9.3;
					};
					DD5FFCFD2172BB37002F312E = {
						CreatedOnToolsVersion = 9.3;
						TestTargetID = DD5FFCE92172BB35002F312E;
					};
					DD5FFD082172BB37002F312E = {
						CreatedOnToolsVersion = 9.3;
						TestTargetID = DD5FFCE92172BB35002F312E;
					};
				};
			};
			buildConfigurationList = DD5FFCE52172BB35002F312E /* Build configuration list for PBXProject "MemeMe" */;
			compatibilityVersion = "Xcode 9.3";
			developmentRegion = en;
			hasScannedForEncodings = 0;
			knownRegions = (
				en,
				Base,
			);
			mainGroup = DD5FFCE12172BB35002F312E;
			productRefGroup = DD5FFCEB2172BB35002F312E /* Products */;
			projectDirPath = "";
			projectRoot = "";
			targets = (
				DD5FFCE92172BB35002F312E /* MemeMe */,
				DD5FFCFD2172BB37002F312E /* MemeMeTests */,
				DD5FFD082172BB37002F312E /* MemeMeUITests */,
			);
		};
/* End PBXProject section */

/* Begin PBXResourcesBuildPhase section */
		DD5FFCE82172BB35002F312E /* Resources */ = {
			isa = PBXResourcesBuildPhase;
			buildActionMask = 2147483647;
			files = (
				DD5FFCF82172BB37002F312E /* LaunchScreen.storyboard in Resources */,
				DD5FFCF52172BB37002F312E /* Assets.xcassets in Resources */,
				DD5FFCF32172BB35002F312E /* Main.storyboard in Resources */,
			);
			runOnlyForDeploymentPostprocessing = 0;
		};
		DD5FFCFC2172BB37002F312E /* Resources */ = {
			isa = PBXResourcesBuildPhase;
			buildActionMask = 2147483647;
			files = (
			);
			runOnlyForDeploymentPostprocessing = 0;
		};
		DD5FFD072172BB37002F312E /* Resources */ = {
			isa = PBXResourcesBuildPhase;
			buildActionMask = 2147483647;
			files = (
			);
			runOnlyForDeploymentPostprocessing = 0;
		};
/* End PBXResourcesBuildPhase section */

/* Begin PBXSourcesBuildPhase section */
		DD5FFCE62172BB35002F312E /* Sources */ = {
			isa = PBXSourcesBuildPhase;
			buildActionMask = 2147483647;
			files = (
				DDB35FD321B5670700AECCDA /* MemeCollectionViewCell.swift in Sources */,
				DDF1804B2199459F00A32898 /* Meme.swift in Sources */,
				DD5FFCF02172BB35002F312E /* CreateMemeViewController.swift in Sources */,
				DD5FFCEE2172BB35002F312E /* AppDelegate.swift in Sources */,
				DD56ABDA21BCE80900D8DE49 /* MemeTableViewCell.swift in Sources */,
				DDB35FD521B56BE600AECCDA /* MemeCollectionViewController.swift in Sources */,
				DDB8FEF721B41EE400EA50B2 /* MemeTableViewController.swift in Sources */,
				DD56ABDC21BD060400D8DE49 /* MemeDetailViewController.swift in Sources */,
			);
			runOnlyForDeploymentPostprocessing = 0;
		};
		DD5FFCFA2172BB37002F312E /* Sources */ = {
			isa = PBXSourcesBuildPhase;
			buildActionMask = 2147483647;
			files = (
				DD5FFD032172BB37002F312E /* MemeMeTests.swift in Sources */,
			);
			runOnlyForDeploymentPostprocessing = 0;
		};
		DD5FFD052172BB37002F312E /* Sources */ = {
			isa = PBXSourcesBuildPhase;
			buildActionMask = 2147483647;
			files = (
				DD5FFD0E2172BB37002F312E /* MemeMeUITests.swift in Sources */,
			);
			runOnlyForDeploymentPostprocessing = 0;
		};
/* End PBXSourcesBuildPhase section */

/* Begin PBXTargetDependency section */
		DD5FFD002172BB37002F312E /* PBXTargetDependency */ = {
			isa = PBXTargetDependency;
			target = DD5FFCE92172BB35002F312E /* MemeMe */;
			targetProxy = DD5FFCFF2172BB37002F312E /* PBXContainerItemProxy */;
		};
		DD5FFD0B2172BB37002F312E /* PBXTargetDependency */ = {
			isa = PBXTargetDependency;
			target = DD5FFCE92172BB35002F312E /* MemeMe */;
			targetProxy = DD5FFD0A2172BB37002F312E /* PBXContainerItemProxy */;
		};
/* End PBXTargetDependency section */

/* Begin PBXVariantGroup section */
		DD5FFCF12172BB35002F312E /* Main.storyboard */ = {
			isa = PBXVariantGroup;
			children = (
				DD5FFCF22172BB35002F312E /* Base */,
			);
			name = Main.storyboard;
			sourceTree = "<group>";
		};
		DD5FFCF62172BB37002F312E /* LaunchScreen.storyboard */ = {
			isa = PBXVariantGroup;
			children = (
				DD5FFCF72172BB37002F312E /* Base */,
			);
			name = LaunchScreen.storyboard;
			sourceTree = "<group>";
		};
/* End PBXVariantGroup section */

/* Begin XCBuildConfiguration section */
		DD5FFD102172BB37002F312E /* Debug */ = {
			isa = XCBuildConfiguration;
			buildSettings = {
				ALWAYS_SEARCH_USER_PATHS = NO;
				CLANG_ANALYZER_NONNULL = YES;
				CLANG_ANALYZER_NUMBER_OBJECT_CONVERSION = YES_AGGRESSIVE;
				CLANG_CXX_LANGUAGE_STANDARD = "gnu++14";
				CLANG_CXX_LIBRARY = "libc++";
				CLANG_ENABLE_MODULES = YES;
				CLANG_ENABLE_OBJC_ARC = YES;
				CLANG_ENABLE_OBJC_WEAK = YES;
				CLANG_WARN_BLOCK_CAPTURE_AUTORELEASING = YES;
				CLANG_WARN_BOOL_CONVERSION = YES;
				CLANG_WARN_COMMA = YES;
				CLANG_WARN_CONSTANT_CONVERSION = YES;
				CLANG_WARN_DEPRECATED_OBJC_IMPLEMENTATIONS = YES;
				CLANG_WARN_DIRECT_OBJC_ISA_USAGE = YES_ERROR;
				CLANG_WARN_DOCUMENTATION_COMMENTS = YES;
				CLANG_WARN_EMPTY_BODY = YES;
				CLANG_WARN_ENUM_CONVERSION = YES;
				CLANG_WARN_INFINITE_RECURSION = YES;
				CLANG_WARN_INT_CONVERSION = YES;
				CLANG_WARN_NON_LITERAL_NULL_CONVERSION = YES;
				CLANG_WARN_OBJC_IMPLICIT_RETAIN_SELF = YES;
				CLANG_WARN_OBJC_LITERAL_CONVERSION = YES;
				CLANG_WARN_OBJC_ROOT_CLASS = YES_ERROR;
				CLANG_WARN_RANGE_LOOP_ANALYSIS = YES;
				CLANG_WARN_STRICT_PROTOTYPES = YES;
				CLANG_WARN_SUSPICIOUS_MOVE = YES;
				CLANG_WARN_UNGUARDED_AVAILABILITY = YES_AGGRESSIVE;
				CLANG_WARN_UNREACHABLE_CODE = YES;
				CLANG_WARN__DUPLICATE_METHOD_MATCH = YES;
				CODE_SIGN_IDENTITY = "iPhone Developer";
				COPY_PHASE_STRIP = NO;
				DEBUG_INFORMATION_FORMAT = dwarf;
				ENABLE_STRICT_OBJC_MSGSEND = YES;
				ENABLE_TESTABILITY = YES;
				GCC_C_LANGUAGE_STANDARD = gnu11;
				GCC_DYNAMIC_NO_PIC = NO;
				GCC_NO_COMMON_BLOCKS = YES;
				GCC_OPTIMIZATION_LEVEL = 0;
				GCC_PREPROCESSOR_DEFINITIONS = (
					"DEBUG=1",
					"$(inherited)",
				);
				GCC_WARN_64_TO_32_BIT_CONVERSION = YES;
				GCC_WARN_ABOUT_RETURN_TYPE = YES_ERROR;
				GCC_WARN_UNDECLARED_SELECTOR = YES;
				GCC_WARN_UNINITIALIZED_AUTOS = YES_AGGRESSIVE;
				GCC_WARN_UNUSED_FUNCTION = YES;
				GCC_WARN_UNUSED_VARIABLE = YES;
				IPHONEOS_DEPLOYMENT_TARGET = 11.3;
				MTL_ENABLE_DEBUG_INFO = YES;
				ONLY_ACTIVE_ARCH = YES;
				SDKROOT = iphoneos;
				SWIFT_ACTIVE_COMPILATION_CONDITIONS = DEBUG;
				SWIFT_OPTIMIZATION_LEVEL = "-Onone";
			};
			name = Debug;
		};
		DD5FFD112172BB37002F312E /* Release */ = {
			isa = XCBuildConfiguration;
			buildSettings = {
				ALWAYS_SEARCH_USER_PATHS = NO;
				CLANG_ANALYZER_NONNULL = YES;
				CLANG_ANALYZER_NUMBER_OBJECT_CONVERSION = YES_AGGRESSIVE;
				CLANG_CXX_LANGUAGE_STANDARD = "gnu++14";
				CLANG_CXX_LIBRARY = "libc++";
				CLANG_ENABLE_MODULES = YES;
				CLANG_ENABLE_OBJC_ARC = YES;
				CLANG_ENABLE_OBJC_WEAK = YES;
				CLANG_WARN_BLOCK_CAPTURE_AUTORELEASING = YES;
				CLANG_WARN_BOOL_CONVERSION = YES;
				CLANG_WARN_COMMA = YES;
				CLANG_WARN_CONSTANT_CONVERSION = YES;
				CLANG_WARN_DEPRECATED_OBJC_IMPLEMENTATIONS = YES;
				CLANG_WARN_DIRECT_OBJC_ISA_USAGE = YES_ERROR;
				CLANG_WARN_DOCUMENTATION_COMMENTS = YES;
				CLANG_WARN_EMPTY_BODY = YES;
				CLANG_WARN_ENUM_CONVERSION = YES;
				CLANG_WARN_INFINITE_RECURSION = YES;
				CLANG_WARN_INT_CONVERSION = YES;
				CLANG_WARN_NON_LITERAL_NULL_CONVERSION = YES;
				CLANG_WARN_OBJC_IMPLICIT_RETAIN_SELF = YES;
				CLANG_WARN_OBJC_LITERAL_CONVERSION = YES;
				CLANG_WARN_OBJC_ROOT_CLASS = YES_ERROR;
				CLANG_WARN_RANGE_LOOP_ANALYSIS = YES;
				CLANG_WARN_STRICT_PROTOTYPES = YES;
				CLANG_WARN_SUSPICIOUS_MOVE = YES;
				CLANG_WARN_UNGUARDED_AVAILABILITY = YES_AGGRESSIVE;
				CLANG_WARN_UNREACHABLE_CODE = YES;
				CLANG_WARN__DUPLICATE_METHOD_MATCH = YES;
				CODE_SIGN_IDENTITY = "iPhone Developer";
				COPY_PHASE_STRIP = NO;
				DEBUG_INFORMATION_FORMAT = "dwarf-with-dsym";
				ENABLE_NS_ASSERTIONS = NO;
				ENABLE_STRICT_OBJC_MSGSEND = YES;
				GCC_C_LANGUAGE_STANDARD = gnu11;
				GCC_NO_COMMON_BLOCKS = YES;
				GCC_WARN_64_TO_32_BIT_CONVERSION = YES;
				GCC_WARN_ABOUT_RETURN_TYPE = YES_ERROR;
				GCC_WARN_UNDECLARED_SELECTOR = YES;
				GCC_WARN_UNINITIALIZED_AUTOS = YES_AGGRESSIVE;
				GCC_WARN_UNUSED_FUNCTION = YES;
				GCC_WARN_UNUSED_VARIABLE = YES;
				IPHONEOS_DEPLOYMENT_TARGET = 11.3;
				MTL_ENABLE_DEBUG_INFO = NO;
				SDKROOT = iphoneos;
				SWIFT_COMPILATION_MODE = wholemodule;
				SWIFT_OPTIMIZATION_LEVEL = "-O";
				VALIDATE_PRODUCT = YES;
			};
			name = Release;
		};
		DD5FFD132172BB37002F312E /* Debug */ = {
			isa = XCBuildConfiguration;
			buildSettings = {
				ASSETCATALOG_COMPILER_APPICON_NAME = AppIcon;
				CODE_SIGN_STYLE = Automatic;
				DEVELOPMENT_TEAM = X459S5U455;
				INFOPLIST_FILE = MemeMe/Info.plist;
				LD_RUNPATH_SEARCH_PATHS = (
					"$(inherited)",
					"@executable_path/Frameworks",
				);
				PRODUCT_BUNDLE_IDENTIFIER = OrionStark.MemeMe;
				PRODUCT_NAME = "$(TARGET_NAME)";
				SWIFT_VERSION = 4.0;
				TARGETED_DEVICE_FAMILY = "1,2";
			};
			name = Debug;
		};
		DD5FFD142172BB37002F312E /* Release */ = {
			isa = XCBuildConfiguration;
			buildSettings = {
				ASSETCATALOG_COMPILER_APPICON_NAME = AppIcon;
				CODE_SIGN_STYLE = Automatic;
				DEVELOPMENT_TEAM = X459S5U455;
				INFOPLIST_FILE = MemeMe/Info.plist;
				LD_RUNPATH_SEARCH_PATHS = (
					"$(inherited)",
					"@executable_path/Frameworks",
				);
				PRODUCT_BUNDLE_IDENTIFIER = OrionStark.MemeMe;
				PRODUCT_NAME = "$(TARGET_NAME)";
				SWIFT_VERSION = 4.0;
				TARGETED_DEVICE_FAMILY = "1,2";
			};
			name = Release;
		};
		DD5FFD162172BB37002F312E /* Debug */ = {
			isa = XCBuildConfiguration;
			buildSettings = {
				ALWAYS_EMBED_SWIFT_STANDARD_LIBRARIES = YES;
				BUNDLE_LOADER = "$(TEST_HOST)";
				CODE_SIGN_STYLE = Automatic;
				DEVELOPMENT_TEAM = X459S5U455;
				INFOPLIST_FILE = MemeMeTests/Info.plist;
				LD_RUNPATH_SEARCH_PATHS = (
					"$(inherited)",
					"@executable_path/Frameworks",
					"@loader_path/Frameworks",
				);
				PRODUCT_BUNDLE_IDENTIFIER = OrionStark.MemeMeTests;
				PRODUCT_NAME = "$(TARGET_NAME)";
				SWIFT_VERSION = 4.0;
				TARGETED_DEVICE_FAMILY = "1,2";
				TEST_HOST = "$(BUILT_PRODUCTS_DIR)/MemeMe.app/MemeMe";
			};
			name = Debug;
		};
		DD5FFD172172BB37002F312E /* Release */ = {
			isa = XCBuildConfiguration;
			buildSettings = {
				ALWAYS_EMBED_SWIFT_STANDARD_LIBRARIES = YES;
				BUNDLE_LOADER = "$(TEST_HOST)";
				CODE_SIGN_STYLE = Automatic;
				DEVELOPMENT_TEAM = X459S5U455;
				INFOPLIST_FILE = MemeMeTests/Info.plist;
				LD_RUNPATH_SEARCH_PATHS = (
					"$(inherited)",
					"@executable_path/Frameworks",
					"@loader_path/Frameworks",
				);
				PRODUCT_BUNDLE_IDENTIFIER = OrionStark.MemeMeTests;
				PRODUCT_NAME = "$(TARGET_NAME)";
				SWIFT_VERSION = 4.0;
				TARGETED_DEVICE_FAMILY = "1,2";
				TEST_HOST = "$(BUILT_PRODUCTS_DIR)/MemeMe.app/MemeMe";
			};
			name = Release;
		};
		DD5FFD192172BB37002F312E /* Debug */ = {
			isa = XCBuildConfiguration;
			buildSettings = {
				ALWAYS_EMBED_SWIFT_STANDARD_LIBRARIES = YES;
				CODE_SIGN_STYLE = Automatic;
				DEVELOPMENT_TEAM = X459S5U455;
				INFOPLIST_FILE = MemeMeUITests/Info.plist;
				LD_RUNPATH_SEARCH_PATHS = (
					"$(inherited)",
					"@executable_path/Frameworks",
					"@loader_path/Frameworks",
				);
				PRODUCT_BUNDLE_IDENTIFIER = OrionStark.MemeMeUITests;
				PRODUCT_NAME = "$(TARGET_NAME)";
				SWIFT_VERSION = 4.0;
				TARGETED_DEVICE_FAMILY = "1,2";
				TEST_TARGET_NAME = MemeMe;
			};
			name = Debug;
		};
		DD5FFD1A2172BB37002F312E /* Release */ = {
			isa = XCBuildConfiguration;
			buildSettings = {
				ALWAYS_EMBED_SWIFT_STANDARD_LIBRARIES = YES;
				CODE_SIGN_STYLE = Automatic;
				DEVELOPMENT_TEAM = X459S5U455;
				INFOPLIST_FILE = MemeMeUITests/Info.plist;
				LD_RUNPATH_SEARCH_PATHS = (
					"$(inherited)",
					"@executable_path/Frameworks",
					"@loader_path/Frameworks",
				);
				PRODUCT_BUNDLE_IDENTIFIER = OrionStark.MemeMeUITests;
				PRODUCT_NAME = "$(TARGET_NAME)";
				SWIFT_VERSION = 4.0;
				TARGETED_DEVICE_FAMILY = "1,2";
				TEST_TARGET_NAME = MemeMe;
			};
			name = Release;
		};
/* End XCBuildConfiguration section */

/* Begin XCConfigurationList section */
		DD5FFCE52172BB35002F312E /* Build configuration list for PBXProject "MemeMe" */ = {
			isa = XCConfigurationList;
			buildConfigurations = (
				DD5FFD102172BB37002F312E /* Debug */,
				DD5FFD112172BB37002F312E /* Release */,
			);
			defaultConfigurationIsVisible = 0;
			defaultConfigurationName = Release;
		};
		DD5FFD122172BB37002F312E /* Build configuration list for PBXNativeTarget "MemeMe" */ = {
			isa = XCConfigurationList;
			buildConfigurations = (
				DD5FFD132172BB37002F312E /* Debug */,
				DD5FFD142172BB37002F312E /* Release */,
			);
			defaultConfigurationIsVisible = 0;
			defaultConfigurationName = Release;
		};
		DD5FFD152172BB37002F312E /* Build configuration list for PBXNativeTarget "MemeMeTests" */ = {
			isa = XCConfigurationList;
			buildConfigurations = (
				DD5FFD162172BB37002F312E /* Debug */,
				DD5FFD172172BB37002F312E /* Release */,
			);
			defaultConfigurationIsVisible = 0;
			defaultConfigurationName = Release;
		};
		DD5FFD182172BB37002F312E /* Build configuration list for PBXNativeTarget "MemeMeUITests" */ = {
			isa = XCConfigurationList;
			buildConfigurations = (
				DD5FFD192172BB37002F312E /* Debug */,
				DD5FFD1A2172BB37002F312E /* Release */,
			);
			defaultConfigurationIsVisible = 0;
			defaultConfigurationName = Release;
		};
/* End XCConfigurationList section */
	};
	rootObject = DD5FFCE22172BB35002F312E /* Project object */;
}
